
Microsoft Visual Studio Solution File, Format Version 12.00
# Visual Studio Version 17
VisualStudioVersion = 17.9.34622.214
MinimumVisualStudioVersion = 10.0.40219.1
Project("{FAE04EC0-301F-11D3-BF4B-00C04F79EFBC}") = "task2", "task2\task2.csproj", "{8D7C2FE9-98E2-4E33-9AC7-0872189E2FBF}"
EndProject
Global
	GlobalSection(SolutionConfigurationPlatforms) = preSolution
		Debug|Any CPU = Debug|Any CPU
		Release|Any CPU = Release|Any CPU
	EndGlobalSection
	GlobalSection(ProjectConfigurationPlatforms) = postSolution
		{8D7C2FE9-98E2-4E33-9AC7-0872189E2FBF}.Debug|Any CPU.ActiveCfg = Debug|Any CPU
		{8D7C2FE9-98E2-4E33-9AC7-0872189E2FBF}.Debug|Any CPU.Build.0 = Debug|Any CPU
		{8D7C2FE9-98E2-4E33-9AC7-0872189E2FBF}.Release|Any CPU.ActiveCfg = Release|Any CPU
		{8D7C2FE9-98E2-4E33-9AC7-0872189E2FBF}.Release|Any CPU.Build.0 = Release|Any CPU
	EndGlobalSection
	GlobalSection(SolutionProperties) = preSolution
		HideSolutionNode = FALSE
	EndGlobalSection
	GlobalSection(ExtensibilityGlobals) = postSolution
		SolutionGuid = {F98A58B8-F7DB-4C82-A6D2-A58B8310C116}
	EndGlobalSection
EndGlobal
